// !$*UTF8*$!
{
	archiveVersion = 1;
	classes = {
	};
	objectVersion = 50;
	objects = {

/* Begin PBXBuildFile section */
		ACB3607225F661620016E240 /* AppDelegate.swift in Sources */ = {isa = PBXBuildFile; fileRef = ACB3607125F661620016E240 /* AppDelegate.swift */; };
		ACB3607425F661620016E240 /* GameScene.sks in Resources */ = {isa = PBXBuildFile; fileRef = ACB3607325F661620016E240 /* GameScene.sks */; };
		ACB3607625F661620016E240 /* Actions.sks in Resources */ = {isa = PBXBuildFile; fileRef = ACB3607525F661620016E240 /* Actions.sks */; };
		ACB3607825F661620016E240 /* GameScene.swift in Sources */ = {isa = PBXBuildFile; fileRef = ACB3607725F661620016E240 /* GameScene.swift */; };
		ACB3607A25F661620016E240 /* GameViewController.swift in Sources */ = {isa = PBXBuildFile; fileRef = ACB3607925F661620016E240 /* GameViewController.swift */; };
		ACB3607D25F661620016E240 /* Main.storyboard in Resources */ = {isa = PBXBuildFile; fileRef = ACB3607B25F661620016E240 /* Main.storyboard */; };
		ACB3607F25F661630016E240 /* Assets.xcassets in Resources */ = {isa = PBXBuildFile; fileRef = ACB3607E25F661630016E240 /* Assets.xcassets */; };
		ACB3608A25F661630016E240 /* paintsplashTests.swift in Sources */ = {isa = PBXBuildFile; fileRef = ACB3608925F661630016E240 /* paintsplashTests.swift */; };
		ACB3609525F661630016E240 /* paintsplashUITests.swift in Sources */ = {isa = PBXBuildFile; fileRef = ACB3609425F661630016E240 /* paintsplashUITests.swift */; };
		ACFD81FA25F667EB009D806B /* Renderable.swift in Sources */ = {isa = PBXBuildFile; fileRef = ACFD81F925F667EB009D806B /* Renderable.swift */; };
		ACFD81FF25F670A2009D806B /* Colorable.swift in Sources */ = {isa = PBXBuildFile; fileRef = ACFD81FE25F670A2009D806B /* Colorable.swift */; };
		ACFD820425F67113009D806B /* Weapon.swift in Sources */ = {isa = PBXBuildFile; fileRef = ACFD820325F67113009D806B /* Weapon.swift */; };
		ACFD820925F676AB009D806B /* Movable.swift in Sources */ = {isa = PBXBuildFile; fileRef = ACFD820825F676AB009D806B /* Movable.swift */; };
		ACFD820F25F6773B009D806B /* Vector2D.swift in Sources */ = {isa = PBXBuildFile; fileRef = ACFD820D25F6773B009D806B /* Vector2D.swift */; };
		ACFD821025F6773B009D806B /* Vector2D+CoreGraphics.swift in Sources */ = {isa = PBXBuildFile; fileRef = ACFD820E25F6773B009D806B /* Vector2D+CoreGraphics.swift */; };
		ACFD821825F67C32009D806B /* RenderSystem.swift in Sources */ = {isa = PBXBuildFile; fileRef = ACFD821725F67C32009D806B /* RenderSystem.swift */; };
		ACFD821D25F67C49009D806B /* WeaponSystem.swift in Sources */ = {isa = PBXBuildFile; fileRef = ACFD821C25F67C49009D806B /* WeaponSystem.swift */; };
		ACFD822225F67C5B009D806B /* Projectile.swift in Sources */ = {isa = PBXBuildFile; fileRef = ACFD822125F67C5B009D806B /* Projectile.swift */; };
		ACFD822725F67C76009D806B /* PaintColor.swift in Sources */ = {isa = PBXBuildFile; fileRef = ACFD822625F67C76009D806B /* PaintColor.swift */; };
		ACFD822C25F67C9E009D806B /* Transformable.swift in Sources */ = {isa = PBXBuildFile; fileRef = ACFD822B25F67C9E009D806B /* Transformable.swift */; };
		ACFD823125F67CCB009D806B /* ColorMixer.swift in Sources */ = {isa = PBXBuildFile; fileRef = ACFD823025F67CCB009D806B /* ColorMixer.swift */; };
		ACFD823625F67D16009D806B /* Collidable.swift in Sources */ = {isa = PBXBuildFile; fileRef = ACFD823525F67D16009D806B /* Collidable.swift */; };
		D596B16725F7AE4500A5854F /* CollisionSystemImpl.swift in Sources */ = {isa = PBXBuildFile; fileRef = D596B16625F7AE4500A5854F /* CollisionSystemImpl.swift */; };
		D596B16F25F7B21A00A5854F /* TestPhysicsObject.swift in Sources */ = {isa = PBXBuildFile; fileRef = D596B16E25F7B21A00A5854F /* TestPhysicsObject.swift */; };
		D596B17425F7C0F500A5854F /* UserInput.swift in Sources */ = {isa = PBXBuildFile; fileRef = D596B17325F7C0F500A5854F /* UserInput.swift */; };
		D596B17925F7C20D00A5854F /* AIBehaviour.swift in Sources */ = {isa = PBXBuildFile; fileRef = D596B17825F7C20D00A5854F /* AIBehaviour.swift */; };
/* End PBXBuildFile section */

/* Begin PBXContainerItemProxy section */
		ACB3608625F661630016E240 /* PBXContainerItemProxy */ = {
			isa = PBXContainerItemProxy;
			containerPortal = ACB3606625F661620016E240 /* Project object */;
			proxyType = 1;
			remoteGlobalIDString = ACB3606D25F661620016E240;
			remoteInfo = paintsplash;
		};
		ACB3609125F661630016E240 /* PBXContainerItemProxy */ = {
			isa = PBXContainerItemProxy;
			containerPortal = ACB3606625F661620016E240 /* Project object */;
			proxyType = 1;
			remoteGlobalIDString = ACB3606D25F661620016E240;
			remoteInfo = paintsplash;
		};
/* End PBXContainerItemProxy section */

/* Begin PBXFileReference section */
		ACB3606E25F661620016E240 /* paintsplash.app */ = {isa = PBXFileReference; explicitFileType = wrapper.application; includeInIndex = 0; path = paintsplash.app; sourceTree = BUILT_PRODUCTS_DIR; };
		ACB3607125F661620016E240 /* AppDelegate.swift */ = {isa = PBXFileReference; lastKnownFileType = sourcecode.swift; path = AppDelegate.swift; sourceTree = "<group>"; };
		ACB3607325F661620016E240 /* GameScene.sks */ = {isa = PBXFileReference; lastKnownFileType = file.sks; path = GameScene.sks; sourceTree = "<group>"; };
		ACB3607525F661620016E240 /* Actions.sks */ = {isa = PBXFileReference; lastKnownFileType = file.sks; path = Actions.sks; sourceTree = "<group>"; };
		ACB3607725F661620016E240 /* GameScene.swift */ = {isa = PBXFileReference; lastKnownFileType = sourcecode.swift; path = GameScene.swift; sourceTree = "<group>"; };
		ACB3607925F661620016E240 /* GameViewController.swift */ = {isa = PBXFileReference; lastKnownFileType = sourcecode.swift; path = GameViewController.swift; sourceTree = "<group>"; };
		ACB3607C25F661620016E240 /* Base */ = {isa = PBXFileReference; lastKnownFileType = file.storyboard; name = Base; path = Base.lproj/Main.storyboard; sourceTree = "<group>"; };
		ACB3607E25F661630016E240 /* Assets.xcassets */ = {isa = PBXFileReference; lastKnownFileType = folder.assetcatalog; path = Assets.xcassets; sourceTree = "<group>"; };
		ACB3608025F661630016E240 /* Info.plist */ = {isa = PBXFileReference; lastKnownFileType = text.plist.xml; path = Info.plist; sourceTree = "<group>"; };
		ACB3608525F661630016E240 /* paintsplashTests.xctest */ = {isa = PBXFileReference; explicitFileType = wrapper.cfbundle; includeInIndex = 0; path = paintsplashTests.xctest; sourceTree = BUILT_PRODUCTS_DIR; };
		ACB3608925F661630016E240 /* paintsplashTests.swift */ = {isa = PBXFileReference; lastKnownFileType = sourcecode.swift; path = paintsplashTests.swift; sourceTree = "<group>"; };
		ACB3608B25F661630016E240 /* Info.plist */ = {isa = PBXFileReference; lastKnownFileType = text.plist.xml; path = Info.plist; sourceTree = "<group>"; };
		ACB3609025F661630016E240 /* paintsplashUITests.xctest */ = {isa = PBXFileReference; explicitFileType = wrapper.cfbundle; includeInIndex = 0; path = paintsplashUITests.xctest; sourceTree = BUILT_PRODUCTS_DIR; };
		ACB3609425F661630016E240 /* paintsplashUITests.swift */ = {isa = PBXFileReference; lastKnownFileType = sourcecode.swift; path = paintsplashUITests.swift; sourceTree = "<group>"; };
		ACB3609625F661630016E240 /* Info.plist */ = {isa = PBXFileReference; lastKnownFileType = text.plist.xml; path = Info.plist; sourceTree = "<group>"; };
		ACFD81F925F667EB009D806B /* Renderable.swift */ = {isa = PBXFileReference; lastKnownFileType = sourcecode.swift; path = Renderable.swift; sourceTree = "<group>"; };
		ACFD81FE25F670A2009D806B /* Colorable.swift */ = {isa = PBXFileReference; lastKnownFileType = sourcecode.swift; path = Colorable.swift; sourceTree = "<group>"; };
		ACFD820325F67113009D806B /* Weapon.swift */ = {isa = PBXFileReference; lastKnownFileType = sourcecode.swift; path = Weapon.swift; sourceTree = "<group>"; };
		ACFD820825F676AB009D806B /* Movable.swift */ = {isa = PBXFileReference; lastKnownFileType = sourcecode.swift; path = Movable.swift; sourceTree = "<group>"; };
		ACFD820D25F6773B009D806B /* Vector2D.swift */ = {isa = PBXFileReference; fileEncoding = 4; lastKnownFileType = sourcecode.swift; path = Vector2D.swift; sourceTree = "<group>"; };
		ACFD820E25F6773B009D806B /* Vector2D+CoreGraphics.swift */ = {isa = PBXFileReference; fileEncoding = 4; lastKnownFileType = sourcecode.swift; path = "Vector2D+CoreGraphics.swift"; sourceTree = "<group>"; };
		ACFD821725F67C32009D806B /* RenderSystem.swift */ = {isa = PBXFileReference; lastKnownFileType = sourcecode.swift; path = RenderSystem.swift; sourceTree = "<group>"; };
		ACFD821C25F67C49009D806B /* WeaponSystem.swift */ = {isa = PBXFileReference; lastKnownFileType = sourcecode.swift; path = WeaponSystem.swift; sourceTree = "<group>"; };
		ACFD822125F67C5B009D806B /* Projectile.swift */ = {isa = PBXFileReference; lastKnownFileType = sourcecode.swift; path = Projectile.swift; sourceTree = "<group>"; };
		ACFD822625F67C76009D806B /* PaintColor.swift */ = {isa = PBXFileReference; lastKnownFileType = sourcecode.swift; path = PaintColor.swift; sourceTree = "<group>"; };
		ACFD822B25F67C9E009D806B /* Transformable.swift */ = {isa = PBXFileReference; lastKnownFileType = sourcecode.swift; path = Transformable.swift; sourceTree = "<group>"; };
		ACFD823025F67CCB009D806B /* ColorMixer.swift */ = {isa = PBXFileReference; lastKnownFileType = sourcecode.swift; path = ColorMixer.swift; sourceTree = "<group>"; };
		ACFD823525F67D16009D806B /* Collidable.swift */ = {isa = PBXFileReference; lastKnownFileType = sourcecode.swift; path = Collidable.swift; sourceTree = "<group>"; };
		D596B16625F7AE4500A5854F /* CollisionSystemImpl.swift */ = {isa = PBXFileReference; lastKnownFileType = sourcecode.swift; path = CollisionSystemImpl.swift; sourceTree = "<group>"; };
		D596B16E25F7B21A00A5854F /* TestPhysicsObject.swift */ = {isa = PBXFileReference; lastKnownFileType = sourcecode.swift; path = TestPhysicsObject.swift; sourceTree = "<group>"; };
		D596B17325F7C0F500A5854F /* UserInput.swift */ = {isa = PBXFileReference; lastKnownFileType = sourcecode.swift; path = UserInput.swift; sourceTree = "<group>"; };
		D596B17825F7C20D00A5854F /* AIBehaviour.swift */ = {isa = PBXFileReference; lastKnownFileType = sourcecode.swift; path = AIBehaviour.swift; sourceTree = "<group>"; };
/* End PBXFileReference section */

/* Begin PBXFrameworksBuildPhase section */
		ACB3606B25F661620016E240 /* Frameworks */ = {
			isa = PBXFrameworksBuildPhase;
			buildActionMask = 2147483647;
			files = (
			);
			runOnlyForDeploymentPostprocessing = 0;
		};
		ACB3608225F661630016E240 /* Frameworks */ = {
			isa = PBXFrameworksBuildPhase;
			buildActionMask = 2147483647;
			files = (
			);
			runOnlyForDeploymentPostprocessing = 0;
		};
		ACB3608D25F661630016E240 /* Frameworks */ = {
			isa = PBXFrameworksBuildPhase;
			buildActionMask = 2147483647;
			files = (
			);
			runOnlyForDeploymentPostprocessing = 0;
		};
/* End PBXFrameworksBuildPhase section */

/* Begin PBXGroup section */
		ACB3606525F661620016E240 = {
			isa = PBXGroup;
			children = (
				ACB3607025F661620016E240 /* paintsplash */,
				ACB3608825F661630016E240 /* paintsplashTests */,
				ACB3609325F661630016E240 /* paintsplashUITests */,
				ACB3606F25F661620016E240 /* Products */,
			);
			sourceTree = "<group>";
		};
		ACB3606F25F661620016E240 /* Products */ = {
			isa = PBXGroup;
			children = (
				ACB3606E25F661620016E240 /* paintsplash.app */,
				ACB3608525F661630016E240 /* paintsplashTests.xctest */,
				ACB3609025F661630016E240 /* paintsplashUITests.xctest */,
			);
			name = Products;
			sourceTree = "<group>";
		};
		ACB3607025F661620016E240 /* paintsplash */ = {
			isa = PBXGroup;
			children = (
				ACB3607125F661620016E240 /* AppDelegate.swift */,
				ACB3607325F661620016E240 /* GameScene.sks */,
				ACB3607525F661620016E240 /* Actions.sks */,
				ACB3607725F661620016E240 /* GameScene.swift */,
				ACB3607925F661620016E240 /* GameViewController.swift */,
				ACB3607B25F661620016E240 /* Main.storyboard */,
				ACB3607E25F661630016E240 /* Assets.xcassets */,
				ACB3608025F661630016E240 /* Info.plist */,
				ACFD81F925F667EB009D806B /* Renderable.swift */,
				ACFD81FE25F670A2009D806B /* Colorable.swift */,
				ACFD823025F67CCB009D806B /* ColorMixer.swift */,
				ACFD820325F67113009D806B /* Weapon.swift */,
				ACFD820825F676AB009D806B /* Movable.swift */,
				ACFD823525F67D16009D806B /* Collidable.swift */,
				ACFD820D25F6773B009D806B /* Vector2D.swift */,
				ACFD820E25F6773B009D806B /* Vector2D+CoreGraphics.swift */,
				ACFD821725F67C32009D806B /* RenderSystem.swift */,
				ACFD821C25F67C49009D806B /* WeaponSystem.swift */,
				ACFD822125F67C5B009D806B /* Projectile.swift */,
				ACFD822625F67C76009D806B /* PaintColor.swift */,
				ACFD822B25F67C9E009D806B /* Transformable.swift */,
				D596B16625F7AE4500A5854F /* CollisionSystemImpl.swift */,
				D596B16E25F7B21A00A5854F /* TestPhysicsObject.swift */,
				D596B17325F7C0F500A5854F /* UserInput.swift */,
				D596B17825F7C20D00A5854F /* AIBehaviour.swift */,
			);
			path = paintsplash;
			sourceTree = "<group>";
		};
		ACB3608825F661630016E240 /* paintsplashTests */ = {
			isa = PBXGroup;
			children = (
				ACB3608925F661630016E240 /* paintsplashTests.swift */,
				ACB3608B25F661630016E240 /* Info.plist */,
			);
			path = paintsplashTests;
			sourceTree = "<group>";
		};
		ACB3609325F661630016E240 /* paintsplashUITests */ = {
			isa = PBXGroup;
			children = (
				ACB3609425F661630016E240 /* paintsplashUITests.swift */,
				ACB3609625F661630016E240 /* Info.plist */,
			);
			path = paintsplashUITests;
			sourceTree = "<group>";
		};
/* End PBXGroup section */

/* Begin PBXNativeTarget section */
		ACB3606D25F661620016E240 /* paintsplash */ = {
			isa = PBXNativeTarget;
			buildConfigurationList = ACB3609925F661630016E240 /* Build configuration list for PBXNativeTarget "paintsplash" */;
			buildPhases = (
				ACB3606A25F661620016E240 /* Sources */,
				ACB3606B25F661620016E240 /* Frameworks */,
				ACB3606C25F661620016E240 /* Resources */,
				ACFD823A25F67D47009D806B /* ShellScript */,
			);
			buildRules = (
			);
			dependencies = (
			);
			name = paintsplash;
			productName = paintsplash;
			productReference = ACB3606E25F661620016E240 /* paintsplash.app */;
			productType = "com.apple.product-type.application";
		};
		ACB3608425F661630016E240 /* paintsplashTests */ = {
			isa = PBXNativeTarget;
			buildConfigurationList = ACB3609C25F661630016E240 /* Build configuration list for PBXNativeTarget "paintsplashTests" */;
			buildPhases = (
				ACB3608125F661630016E240 /* Sources */,
				ACB3608225F661630016E240 /* Frameworks */,
				ACB3608325F661630016E240 /* Resources */,
			);
			buildRules = (
			);
			dependencies = (
				ACB3608725F661630016E240 /* PBXTargetDependency */,
			);
			name = paintsplashTests;
			productName = paintsplashTests;
			productReference = ACB3608525F661630016E240 /* paintsplashTests.xctest */;
			productType = "com.apple.product-type.bundle.unit-test";
		};
		ACB3608F25F661630016E240 /* paintsplashUITests */ = {
			isa = PBXNativeTarget;
			buildConfigurationList = ACB3609F25F661630016E240 /* Build configuration list for PBXNativeTarget "paintsplashUITests" */;
			buildPhases = (
				ACB3608C25F661630016E240 /* Sources */,
				ACB3608D25F661630016E240 /* Frameworks */,
				ACB3608E25F661630016E240 /* Resources */,
			);
			buildRules = (
			);
			dependencies = (
				ACB3609225F661630016E240 /* PBXTargetDependency */,
			);
			name = paintsplashUITests;
			productName = paintsplashUITests;
			productReference = ACB3609025F661630016E240 /* paintsplashUITests.xctest */;
			productType = "com.apple.product-type.bundle.ui-testing";
		};
/* End PBXNativeTarget section */

/* Begin PBXProject section */
		ACB3606625F661620016E240 /* Project object */ = {
			isa = PBXProject;
			attributes = {
				LastSwiftUpdateCheck = 1240;
				LastUpgradeCheck = 1240;
				TargetAttributes = {
					ACB3606D25F661620016E240 = {
						CreatedOnToolsVersion = 12.4;
					};
					ACB3608425F661630016E240 = {
						CreatedOnToolsVersion = 12.4;
						TestTargetID = ACB3606D25F661620016E240;
					};
					ACB3608F25F661630016E240 = {
						CreatedOnToolsVersion = 12.4;
						TestTargetID = ACB3606D25F661620016E240;
					};
				};
			};
			buildConfigurationList = ACB3606925F661620016E240 /* Build configuration list for PBXProject "paintsplash" */;
			compatibilityVersion = "Xcode 9.3";
			developmentRegion = en;
			hasScannedForEncodings = 0;
			knownRegions = (
				en,
				Base,
			);
			mainGroup = ACB3606525F661620016E240;
			productRefGroup = ACB3606F25F661620016E240 /* Products */;
			projectDirPath = "";
			projectRoot = "";
			targets = (
				ACB3606D25F661620016E240 /* paintsplash */,
				ACB3608425F661630016E240 /* paintsplashTests */,
				ACB3608F25F661630016E240 /* paintsplashUITests */,
			);
		};
/* End PBXProject section */

/* Begin PBXResourcesBuildPhase section */
		ACB3606C25F661620016E240 /* Resources */ = {
			isa = PBXResourcesBuildPhase;
			buildActionMask = 2147483647;
			files = (
				ACB3607D25F661620016E240 /* Main.storyboard in Resources */,
				ACB3607425F661620016E240 /* GameScene.sks in Resources */,
				ACB3607F25F661630016E240 /* Assets.xcassets in Resources */,
				ACB3607625F661620016E240 /* Actions.sks in Resources */,
			);
			runOnlyForDeploymentPostprocessing = 0;
		};
		ACB3608325F661630016E240 /* Resources */ = {
			isa = PBXResourcesBuildPhase;
			buildActionMask = 2147483647;
			files = (
			);
			runOnlyForDeploymentPostprocessing = 0;
		};
		ACB3608E25F661630016E240 /* Resources */ = {
			isa = PBXResourcesBuildPhase;
			buildActionMask = 2147483647;
			files = (
			);
			runOnlyForDeploymentPostprocessing = 0;
		};
/* End PBXResourcesBuildPhase section */

/* Begin PBXShellScriptBuildPhase section */
		ACFD823A25F67D47009D806B /* ShellScript */ = {
			isa = PBXShellScriptBuildPhase;
			buildActionMask = 2147483647;
			files = (
			);
			inputFileListPaths = (
			);
			inputPaths = (
			);
			outputFileListPaths = (
			);
			outputPaths = (
			);
			runOnlyForDeploymentPostprocessing = 0;
			shellPath = /bin/sh;
			shellScript = "
";
		};
/* End PBXShellScriptBuildPhase section */

/* Begin PBXSourcesBuildPhase section */
		ACB3606A25F661620016E240 /* Sources */ = {
			isa = PBXSourcesBuildPhase;
			buildActionMask = 2147483647;
			files = (
				D596B16725F7AE4500A5854F /* CollisionSystemImpl.swift in Sources */,
				ACFD822725F67C76009D806B /* PaintColor.swift in Sources */,
				ACFD822225F67C5B009D806B /* Projectile.swift in Sources */,
				ACFD820925F676AB009D806B /* Movable.swift in Sources */,
				D596B16F25F7B21A00A5854F /* TestPhysicsObject.swift in Sources */,
				ACFD821025F6773B009D806B /* Vector2D+CoreGraphics.swift in Sources */,
				ACFD821825F67C32009D806B /* RenderSystem.swift in Sources */,
				ACB3607825F661620016E240 /* GameScene.swift in Sources */,
				ACFD823625F67D16009D806B /* Collidable.swift in Sources */,
				ACFD821D25F67C49009D806B /* WeaponSystem.swift in Sources */,
				ACFD820F25F6773B009D806B /* Vector2D.swift in Sources */,
				ACFD823125F67CCB009D806B /* ColorMixer.swift in Sources */,
				ACB3607A25F661620016E240 /* GameViewController.swift in Sources */,
				ACB3607225F661620016E240 /* AppDelegate.swift in Sources */,
				D596B17425F7C0F500A5854F /* UserInput.swift in Sources */,
				ACFD822C25F67C9E009D806B /* Transformable.swift in Sources */,
				ACFD81FF25F670A2009D806B /* Colorable.swift in Sources */,
				ACFD81FA25F667EB009D806B /* Renderable.swift in Sources */,
				ACFD820425F67113009D806B /* Weapon.swift in Sources */,
				D596B17925F7C20D00A5854F /* AIBehaviour.swift in Sources */,
			);
			runOnlyForDeploymentPostprocessing = 0;
		};
		ACB3608125F661630016E240 /* Sources */ = {
			isa = PBXSourcesBuildPhase;
			buildActionMask = 2147483647;
			files = (
				ACB3608A25F661630016E240 /* paintsplashTests.swift in Sources */,
			);
			runOnlyForDeploymentPostprocessing = 0;
		};
		ACB3608C25F661630016E240 /* Sources */ = {
			isa = PBXSourcesBuildPhase;
			buildActionMask = 2147483647;
			files = (
				ACB3609525F661630016E240 /* paintsplashUITests.swift in Sources */,
			);
			runOnlyForDeploymentPostprocessing = 0;
		};
/* End PBXSourcesBuildPhase section */

/* Begin PBXTargetDependency section */
		ACB3608725F661630016E240 /* PBXTargetDependency */ = {
			isa = PBXTargetDependency;
			target = ACB3606D25F661620016E240 /* paintsplash */;
			targetProxy = ACB3608625F661630016E240 /* PBXContainerItemProxy */;
		};
		ACB3609225F661630016E240 /* PBXTargetDependency */ = {
			isa = PBXTargetDependency;
			target = ACB3606D25F661620016E240 /* paintsplash */;
			targetProxy = ACB3609125F661630016E240 /* PBXContainerItemProxy */;
		};
/* End PBXTargetDependency section */

/* Begin PBXVariantGroup section */
		ACB3607B25F661620016E240 /* Main.storyboard */ = {
			isa = PBXVariantGroup;
			children = (
				ACB3607C25F661620016E240 /* Base */,
			);
			name = Main.storyboard;
			sourceTree = "<group>";
		};
/* End PBXVariantGroup section */

/* Begin XCBuildConfiguration section */
		ACB3609725F661630016E240 /* Debug */ = {
			isa = XCBuildConfiguration;
			buildSettings = {
				ALWAYS_SEARCH_USER_PATHS = NO;
				CLANG_ANALYZER_NONNULL = YES;
				CLANG_ANALYZER_NUMBER_OBJECT_CONVERSION = YES_AGGRESSIVE;
				CLANG_CXX_LANGUAGE_STANDARD = "gnu++14";
				CLANG_CXX_LIBRARY = "libc++";
				CLANG_ENABLE_MODULES = YES;
				CLANG_ENABLE_OBJC_ARC = YES;
				CLANG_ENABLE_OBJC_WEAK = YES;
				CLANG_WARN_BLOCK_CAPTURE_AUTORELEASING = YES;
				CLANG_WARN_BOOL_CONVERSION = YES;
				CLANG_WARN_COMMA = YES;
				CLANG_WARN_CONSTANT_CONVERSION = YES;
				CLANG_WARN_DEPRECATED_OBJC_IMPLEMENTATIONS = YES;
				CLANG_WARN_DIRECT_OBJC_ISA_USAGE = YES_ERROR;
				CLANG_WARN_DOCUMENTATION_COMMENTS = YES;
				CLANG_WARN_EMPTY_BODY = YES;
				CLANG_WARN_ENUM_CONVERSION = YES;
				CLANG_WARN_INFINITE_RECURSION = YES;
				CLANG_WARN_INT_CONVERSION = YES;
				CLANG_WARN_NON_LITERAL_NULL_CONVERSION = YES;
				CLANG_WARN_OBJC_IMPLICIT_RETAIN_SELF = YES;
				CLANG_WARN_OBJC_LITERAL_CONVERSION = YES;
				CLANG_WARN_OBJC_ROOT_CLASS = YES_ERROR;
				CLANG_WARN_QUOTED_INCLUDE_IN_FRAMEWORK_HEADER = YES;
				CLANG_WARN_RANGE_LOOP_ANALYSIS = YES;
				CLANG_WARN_STRICT_PROTOTYPES = YES;
				CLANG_WARN_SUSPICIOUS_MOVE = YES;
				CLANG_WARN_UNGUARDED_AVAILABILITY = YES_AGGRESSIVE;
				CLANG_WARN_UNREACHABLE_CODE = YES;
				CLANG_WARN__DUPLICATE_METHOD_MATCH = YES;
				COPY_PHASE_STRIP = NO;
				DEBUG_INFORMATION_FORMAT = dwarf;
				ENABLE_STRICT_OBJC_MSGSEND = YES;
				ENABLE_TESTABILITY = YES;
				GCC_C_LANGUAGE_STANDARD = gnu11;
				GCC_DYNAMIC_NO_PIC = NO;
				GCC_NO_COMMON_BLOCKS = YES;
				GCC_OPTIMIZATION_LEVEL = 0;
				GCC_PREPROCESSOR_DEFINITIONS = (
					"DEBUG=1",
					"$(inherited)",
				);
				GCC_WARN_64_TO_32_BIT_CONVERSION = YES;
				GCC_WARN_ABOUT_RETURN_TYPE = YES_ERROR;
				GCC_WARN_UNDECLARED_SELECTOR = YES;
				GCC_WARN_UNINITIALIZED_AUTOS = YES_AGGRESSIVE;
				GCC_WARN_UNUSED_FUNCTION = YES;
				GCC_WARN_UNUSED_VARIABLE = YES;
				IPHONEOS_DEPLOYMENT_TARGET = 14.4;
				MTL_ENABLE_DEBUG_INFO = INCLUDE_SOURCE;
				MTL_FAST_MATH = YES;
				ONLY_ACTIVE_ARCH = YES;
				SDKROOT = iphoneos;
				SWIFT_ACTIVE_COMPILATION_CONDITIONS = DEBUG;
				SWIFT_OPTIMIZATION_LEVEL = "-Onone";
			};
			name = Debug;
		};
		ACB3609825F661630016E240 /* Release */ = {
			isa = XCBuildConfiguration;
			buildSettings = {
				ALWAYS_SEARCH_USER_PATHS = NO;
				CLANG_ANALYZER_NONNULL = YES;
				CLANG_ANALYZER_NUMBER_OBJECT_CONVERSION = YES_AGGRESSIVE;
				CLANG_CXX_LANGUAGE_STANDARD = "gnu++14";
				CLANG_CXX_LIBRARY = "libc++";
				CLANG_ENABLE_MODULES = YES;
				CLANG_ENABLE_OBJC_ARC = YES;
				CLANG_ENABLE_OBJC_WEAK = YES;
				CLANG_WARN_BLOCK_CAPTURE_AUTORELEASING = YES;
				CLANG_WARN_BOOL_CONVERSION = YES;
				CLANG_WARN_COMMA = YES;
				CLANG_WARN_CONSTANT_CONVERSION = YES;
				CLANG_WARN_DEPRECATED_OBJC_IMPLEMENTATIONS = YES;
				CLANG_WARN_DIRECT_OBJC_ISA_USAGE = YES_ERROR;
				CLANG_WARN_DOCUMENTATION_COMMENTS = YES;
				CLANG_WARN_EMPTY_BODY = YES;
				CLANG_WARN_ENUM_CONVERSION = YES;
				CLANG_WARN_INFINITE_RECURSION = YES;
				CLANG_WARN_INT_CONVERSION = YES;
				CLANG_WARN_NON_LITERAL_NULL_CONVERSION = YES;
				CLANG_WARN_OBJC_IMPLICIT_RETAIN_SELF = YES;
				CLANG_WARN_OBJC_LITERAL_CONVERSION = YES;
				CLANG_WARN_OBJC_ROOT_CLASS = YES_ERROR;
				CLANG_WARN_QUOTED_INCLUDE_IN_FRAMEWORK_HEADER = YES;
				CLANG_WARN_RANGE_LOOP_ANALYSIS = YES;
				CLANG_WARN_STRICT_PROTOTYPES = YES;
				CLANG_WARN_SUSPICIOUS_MOVE = YES;
				CLANG_WARN_UNGUARDED_AVAILABILITY = YES_AGGRESSIVE;
				CLANG_WARN_UNREACHABLE_CODE = YES;
				CLANG_WARN__DUPLICATE_METHOD_MATCH = YES;
				COPY_PHASE_STRIP = NO;
				DEBUG_INFORMATION_FORMAT = "dwarf-with-dsym";
				ENABLE_NS_ASSERTIONS = NO;
				ENABLE_STRICT_OBJC_MSGSEND = YES;
				GCC_C_LANGUAGE_STANDARD = gnu11;
				GCC_NO_COMMON_BLOCKS = YES;
				GCC_WARN_64_TO_32_BIT_CONVERSION = YES;
				GCC_WARN_ABOUT_RETURN_TYPE = YES_ERROR;
				GCC_WARN_UNDECLARED_SELECTOR = YES;
				GCC_WARN_UNINITIALIZED_AUTOS = YES_AGGRESSIVE;
				GCC_WARN_UNUSED_FUNCTION = YES;
				GCC_WARN_UNUSED_VARIABLE = YES;
				IPHONEOS_DEPLOYMENT_TARGET = 14.4;
				MTL_ENABLE_DEBUG_INFO = NO;
				MTL_FAST_MATH = YES;
				SDKROOT = iphoneos;
				SWIFT_COMPILATION_MODE = wholemodule;
				SWIFT_OPTIMIZATION_LEVEL = "-O";
				VALIDATE_PRODUCT = YES;
			};
			name = Release;
		};
		ACB3609A25F661630016E240 /* Debug */ = {
			isa = XCBuildConfiguration;
			buildSettings = {
				ASSETCATALOG_COMPILER_APPICON_NAME = AppIcon;
				ASSETCATALOG_COMPILER_GLOBAL_ACCENT_COLOR_NAME = AccentColor;
				CODE_SIGN_STYLE = Automatic;
				INFOPLIST_FILE = paintsplash/Info.plist;
				LD_RUNPATH_SEARCH_PATHS = (
					"$(inherited)",
					"@executable_path/Frameworks",
				);
				PRODUCT_BUNDLE_IDENTIFIER = crawlers.paintsplash;
				PRODUCT_NAME = "$(TARGET_NAME)";
				SWIFT_VERSION = 5.0;
				TARGETED_DEVICE_FAMILY = 2;
			};
			name = Debug;
		};
		ACB3609B25F661630016E240 /* Release */ = {
			isa = XCBuildConfiguration;
			buildSettings = {
				ASSETCATALOG_COMPILER_APPICON_NAME = AppIcon;
				ASSETCATALOG_COMPILER_GLOBAL_ACCENT_COLOR_NAME = AccentColor;
				CODE_SIGN_STYLE = Automatic;
				INFOPLIST_FILE = paintsplash/Info.plist;
				LD_RUNPATH_SEARCH_PATHS = (
					"$(inherited)",
					"@executable_path/Frameworks",
				);
				PRODUCT_BUNDLE_IDENTIFIER = crawlers.paintsplash;
				PRODUCT_NAME = "$(TARGET_NAME)";
				SWIFT_VERSION = 5.0;
				TARGETED_DEVICE_FAMILY = 2;
			};
			name = Release;
		};
		ACB3609D25F661630016E240 /* Debug */ = {
			isa = XCBuildConfiguration;
			buildSettings = {
				ALWAYS_EMBED_SWIFT_STANDARD_LIBRARIES = YES;
				BUNDLE_LOADER = "$(TEST_HOST)";
				CODE_SIGN_STYLE = Automatic;
				INFOPLIST_FILE = paintsplashTests/Info.plist;
				IPHONEOS_DEPLOYMENT_TARGET = 14.4;
				LD_RUNPATH_SEARCH_PATHS = (
					"$(inherited)",
					"@executable_path/Frameworks",
					"@loader_path/Frameworks",
				);
				PRODUCT_BUNDLE_IDENTIFIER = crawlers.paintsplashTests;
				PRODUCT_NAME = "$(TARGET_NAME)";
				SWIFT_VERSION = 5.0;
				TARGETED_DEVICE_FAMILY = "1,2";
				TEST_HOST = "$(BUILT_PRODUCTS_DIR)/paintsplash.app/paintsplash";
			};
			name = Debug;
		};
		ACB3609E25F661630016E240 /* Release */ = {
			isa = XCBuildConfiguration;
			buildSettings = {
				ALWAYS_EMBED_SWIFT_STANDARD_LIBRARIES = YES;
				BUNDLE_LOADER = "$(TEST_HOST)";
				CODE_SIGN_STYLE = Automatic;
				INFOPLIST_FILE = paintsplashTests/Info.plist;
				IPHONEOS_DEPLOYMENT_TARGET = 14.4;
				LD_RUNPATH_SEARCH_PATHS = (
					"$(inherited)",
					"@executable_path/Frameworks",
					"@loader_path/Frameworks",
				);
				PRODUCT_BUNDLE_IDENTIFIER = crawlers.paintsplashTests;
				PRODUCT_NAME = "$(TARGET_NAME)";
				SWIFT_VERSION = 5.0;
				TARGETED_DEVICE_FAMILY = "1,2";
				TEST_HOST = "$(BUILT_PRODUCTS_DIR)/paintsplash.app/paintsplash";
			};
			name = Release;
		};
		ACB360A025F661630016E240 /* Debug */ = {
			isa = XCBuildConfiguration;
			buildSettings = {
				ALWAYS_EMBED_SWIFT_STANDARD_LIBRARIES = YES;
				CODE_SIGN_STYLE = Automatic;
				INFOPLIST_FILE = paintsplashUITests/Info.plist;
				LD_RUNPATH_SEARCH_PATHS = (
					"$(inherited)",
					"@executable_path/Frameworks",
					"@loader_path/Frameworks",
				);
				PRODUCT_BUNDLE_IDENTIFIER = crawlers.paintsplashUITests;
				PRODUCT_NAME = "$(TARGET_NAME)";
				SWIFT_VERSION = 5.0;
				TARGETED_DEVICE_FAMILY = "1,2";
				TEST_TARGET_NAME = paintsplash;
			};
			name = Debug;
		};
		ACB360A125F661630016E240 /* Release */ = {
			isa = XCBuildConfiguration;
			buildSettings = {
				ALWAYS_EMBED_SWIFT_STANDARD_LIBRARIES = YES;
				CODE_SIGN_STYLE = Automatic;
				INFOPLIST_FILE = paintsplashUITests/Info.plist;
				LD_RUNPATH_SEARCH_PATHS = (
					"$(inherited)",
					"@executable_path/Frameworks",
					"@loader_path/Frameworks",
				);
				PRODUCT_BUNDLE_IDENTIFIER = crawlers.paintsplashUITests;
				PRODUCT_NAME = "$(TARGET_NAME)";
				SWIFT_VERSION = 5.0;
				TARGETED_DEVICE_FAMILY = "1,2";
				TEST_TARGET_NAME = paintsplash;
			};
			name = Release;
		};
/* End XCBuildConfiguration section */

/* Begin XCConfigurationList section */
		ACB3606925F661620016E240 /* Build configuration list for PBXProject "paintsplash" */ = {
			isa = XCConfigurationList;
			buildConfigurations = (
				ACB3609725F661630016E240 /* Debug */,
				ACB3609825F661630016E240 /* Release */,
			);
			defaultConfigurationIsVisible = 0;
			defaultConfigurationName = Release;
		};
		ACB3609925F661630016E240 /* Build configuration list for PBXNativeTarget "paintsplash" */ = {
			isa = XCConfigurationList;
			buildConfigurations = (
				ACB3609A25F661630016E240 /* Debug */,
				ACB3609B25F661630016E240 /* Release */,
			);
			defaultConfigurationIsVisible = 0;
			defaultConfigurationName = Release;
		};
		ACB3609C25F661630016E240 /* Build configuration list for PBXNativeTarget "paintsplashTests" */ = {
			isa = XCConfigurationList;
			buildConfigurations = (
				ACB3609D25F661630016E240 /* Debug */,
				ACB3609E25F661630016E240 /* Release */,
			);
			defaultConfigurationIsVisible = 0;
			defaultConfigurationName = Release;
		};
		ACB3609F25F661630016E240 /* Build configuration list for PBXNativeTarget "paintsplashUITests" */ = {
			isa = XCConfigurationList;
			buildConfigurations = (
				ACB360A025F661630016E240 /* Debug */,
				ACB360A125F661630016E240 /* Release */,
			);
			defaultConfigurationIsVisible = 0;
			defaultConfigurationName = Release;
		};
/* End XCConfigurationList section */
	};
	rootObject = ACB3606625F661620016E240 /* Project object */;
}
